
Microsoft Visual Studio Solution File, Format Version 12.00
# Visual Studio Version 17
VisualStudioVersion = 17.4.33213.308
MinimumVisualStudioVersion = 10.0.40219.1
Project("{8BC9CEB8-8B4A-11D0-8D11-00A0C91BC942}") = "hello_qt", "hello_qt\hello_qt.vcxproj", "{8401BB9E-E43B-459E-B8FB-3A77878F03AC}"
EndProject
Project("{8BC9CEB8-8B4A-11D0-8D11-00A0C91BC942}") = "hello_qt_20230801", "hello_qt_20230801\hello_qt_20230801.vcxproj", "{53826876-4F56-465D-8F1F-4F437B97A7E8}"
EndProject
Project("{8BC9CEB8-8B4A-11D0-8D11-00A0C91BC942}") = "hello_qt_20230802", "hello_qt_20230802\hello_qt_20230802.vcxproj", "{8B950BCF-ECD9-4676-AB63-3FB965494C39}"
EndProject
Project("{8BC9CEB8-8B4A-11D0-8D11-00A0C91BC942}") = "hello_qt_quick_20230812", "hello_qt_quick_20230812\hello_qt_quick_20230812.vcxproj", "{BE2A7EF5-9727-4936-8210-5E727E6D6AE7}"
EndProject
Project("{8BC9CEB8-8B4A-11D0-8D11-00A0C91BC942}") = "hello_qt_quick_20230813", "hello_qt_quick_20230813\hello_qt_quick_20230813.vcxproj", "{B4865308-A68A-4001-851D-8D33CFC26CBC}"
EndProject
Global
	GlobalSection(SolutionConfigurationPlatforms) = preSolution
		Debug|x64 = Debug|x64
		Release|x64 = Release|x64
	EndGlobalSection
	GlobalSection(ProjectConfigurationPlatforms) = postSolution
		{8401BB9E-E43B-459E-B8FB-3A77878F03AC}.Debug|x64.ActiveCfg = Debug|x64
		{8401BB9E-E43B-459E-B8FB-3A77878F03AC}.Debug|x64.Build.0 = Debug|x64
		{8401BB9E-E43B-459E-B8FB-3A77878F03AC}.Release|x64.ActiveCfg = Release|x64
		{8401BB9E-E43B-459E-B8FB-3A77878F03AC}.Release|x64.Build.0 = Release|x64
		{53826876-4F56-465D-8F1F-4F437B97A7E8}.Debug|x64.ActiveCfg = Debug|x64
		{53826876-4F56-465D-8F1F-4F437B97A7E8}.Debug|x64.Build.0 = Debug|x64
		{53826876-4F56-465D-8F1F-4F437B97A7E8}.Release|x64.ActiveCfg = Release|x64
		{53826876-4F56-465D-8F1F-4F437B97A7E8}.Release|x64.Build.0 = Release|x64
		{8B950BCF-ECD9-4676-AB63-3FB965494C39}.Debug|x64.ActiveCfg = Debug|x64
		{8B950BCF-ECD9-4676-AB63-3FB965494C39}.Debug|x64.Build.0 = Debug|x64
		{8B950BCF-ECD9-4676-AB63-3FB965494C39}.Release|x64.ActiveCfg = Release|x64
		{8B950BCF-ECD9-4676-AB63-3FB965494C39}.Release|x64.Build.0 = Release|x64
		{BE2A7EF5-9727-4936-8210-5E727E6D6AE7}.Debug|x64.ActiveCfg = Debug|x64
		{BE2A7EF5-9727-4936-8210-5E727E6D6AE7}.Debug|x64.Build.0 = Debug|x64
		{BE2A7EF5-9727-4936-8210-5E727E6D6AE7}.Release|x64.ActiveCfg = Release|x64
		{BE2A7EF5-9727-4936-8210-5E727E6D6AE7}.Release|x64.Build.0 = Release|x64
		{B4865308-A68A-4001-851D-8D33CFC26CBC}.Debug|x64.ActiveCfg = Debug|x64
		{B4865308-A68A-4001-851D-8D33CFC26CBC}.Debug|x64.Build.0 = Debug|x64
		{B4865308-A68A-4001-851D-8D33CFC26CBC}.Release|x64.ActiveCfg = Release|x64
		{B4865308-A68A-4001-851D-8D33CFC26CBC}.Release|x64.Build.0 = Release|x64
	EndGlobalSection
	GlobalSection(SolutionProperties) = preSolution
		HideSolutionNode = FALSE
	EndGlobalSection
	GlobalSection(ExtensibilityGlobals) = postSolution
		SolutionGuid = {218754C8-B70D-4FEA-B81B-3B46AAFEDA7A}
	EndGlobalSection
EndGlobal
